<?xml version="1.0" encoding="UTF-8"?>
<!DOCTYPE plist PUBLIC "-//Apple//DTD PLIST 1.0//EN" "http://www.apple.com/DTDs/PropertyList-1.0.dtd">
<plist version="1.0">
<dict>
	<key>archiveVersion</key>
	<string>1</string>
	<key>classes</key>
	<dict/>
	<key>objectVersion</key>
	<string>46</string>
	<key>objects</key>
	<dict>
		<key>ACC5F3171E9FF06200D352BC</key>
		<dict>
			<key>fileEncoding</key>
			<string>4</string>
			<key>isa</key>
			<string>PBXFileReference</string>
			<key>lastKnownFileType</key>
			<string>sourcecode.swift</string>
			<key>path</key>
			<string>TableViewOptions.swift</string>
			<key>sourceTree</key>
			<string>&lt;group&gt;</string>
		</dict>
		<key>ACC5F3181E9FF06200D352BC</key>
		<dict>
			<key>fileRef</key>
			<string>ACC5F3171E9FF06200D352BC</string>
			<key>isa</key>
			<string>PBXBuildFile</string>
		</dict>
		<key>ACC5F3191E9FFF9700D352BC</key>
		<dict>
			<key>fileEncoding</key>
			<string>4</string>
			<key>isa</key>
			<string>PBXFileReference</string>
			<key>lastKnownFileType</key>
			<string>sourcecode.swift</string>
			<key>path</key>
			<string>RequestManager.swift</string>
			<key>sourceTree</key>
			<string>&lt;group&gt;</string>
		</dict>
		<key>ACC5F31A1E9FFF9700D352BC</key>
		<dict>
			<key>fileRef</key>
			<string>ACC5F3191E9FFF9700D352BC</string>
			<key>isa</key>
			<string>PBXBuildFile</string>
		</dict>
		<key>ACC5F31B1EA002A100D352BC</key>
		<dict>
			<key>fileEncoding</key>
			<string>4</string>
			<key>isa</key>
			<string>PBXFileReference</string>
			<key>lastKnownFileType</key>
			<string>sourcecode.swift</string>
			<key>path</key>
			<string>ArchiveCurrencyModel.swift</string>
			<key>sourceTree</key>
			<string>&lt;group&gt;</string>
		</dict>
		<key>ACC5F31C1EA002A100D352BC</key>
		<dict>
			<key>fileRef</key>
			<string>ACC5F31B1EA002A100D352BC</string>
			<key>isa</key>
			<string>PBXBuildFile</string>
		</dict>
		<key>ACC5F31D1EA0034C00D352BC</key>
		<dict>
			<key>fileEncoding</key>
			<string>4</string>
			<key>isa</key>
			<string>PBXFileReference</string>
			<key>lastKnownFileType</key>
			<string>sourcecode.swift</string>
			<key>path</key>
			<string>CurrencyParser.swift</string>
			<key>sourceTree</key>
			<string>&lt;group&gt;</string>
		</dict>
		<key>ACC5F31E1EA0034C00D352BC</key>
		<dict>
			<key>fileRef</key>
			<string>ACC5F31D1EA0034C00D352BC</string>
			<key>isa</key>
			<string>PBXBuildFile</string>
		</dict>
		<key>ACC5F31F1EA004A500D352BC</key>
		<dict>
			<key>children</key>
			<array>
				<string>ACC5F31D1EA0034C00D352BC</string>
				<string>ACC5F3201EA01D0E00D352BC</string>
			</array>
			<key>isa</key>
			<string>PBXGroup</string>
			<key>name</key>
			<string>Parsers</string>
			<key>sourceTree</key>
			<string>&lt;group&gt;</string>
		</dict>
		<key>ACC5F3201EA01D0E00D352BC</key>
		<dict>
			<key>fileEncoding</key>
			<string>4</string>
			<key>isa</key>
			<string>PBXFileReference</string>
			<key>lastKnownFileType</key>
			<string>sourcecode.swift</string>
			<key>path</key>
			<string>CurrencyModelParser.swift</string>
			<key>sourceTree</key>
			<string>&lt;group&gt;</string>
		</dict>
		<key>ACC5F3211EA01D0E00D352BC</key>
		<dict>
			<key>fileRef</key>
			<string>ACC5F3201EA01D0E00D352BC</string>
			<key>isa</key>
			<string>PBXBuildFile</string>
		</dict>
		<key>ACD142F71E9EB47A004159F3</key>
		<dict>
			<key>fileEncoding</key>
			<string>4</string>
			<key>isa</key>
			<string>PBXFileReference</string>
			<key>lastKnownFileType</key>
			<string>sourcecode.swift</string>
			<key>path</key>
			<string>ScrollableGraphView.swift</string>
			<key>sourceTree</key>
			<string>&lt;group&gt;</string>
		</dict>
		<key>ACD142F81E9EB47A004159F3</key>
		<dict>
			<key>fileRef</key>
			<string>ACD142F71E9EB47A004159F3</string>
			<key>isa</key>
			<string>PBXBuildFile</string>
		</dict>
		<key>ACD142F91E9EC21F004159F3</key>
		<dict>
			<key>children</key>
			<array>
				<string>ACD142F71E9EB47A004159F3</string>
			</array>
			<key>isa</key>
			<string>PBXGroup</string>
			<key>name</key>
			<string>ScrollableGraphView</string>
			<key>sourceTree</key>
			<string>&lt;group&gt;</string>
		</dict>
		<key>ACD142FA1E9EC835004159F3</key>
		<dict>
			<key>children</key>
			<array>
				<string>ACC5F3191E9FFF9700D352BC</string>
				<string>ACC5F3171E9FF06200D352BC</string>
				<string>ACD142FB1E9EC846004159F3</string>
				<string>ACC5F31B1EA002A100D352BC</string>
			</array>
			<key>isa</key>
			<string>PBXGroup</string>
			<key>name</key>
			<string>Model</string>
			<key>sourceTree</key>
			<string>&lt;group&gt;</string>
		</dict>
		<key>ACD142FB1E9EC846004159F3</key>
		<dict>
			<key>fileEncoding</key>
			<string>4</string>
			<key>isa</key>
			<string>PBXFileReference</string>
			<key>lastKnownFileType</key>
			<string>sourcecode.swift</string>
			<key>path</key>
			<string>CurrencyModel.swift</string>
			<key>sourceTree</key>
			<string>&lt;group&gt;</string>
		</dict>
		<key>ACD142FC1E9EC846004159F3</key>
		<dict>
			<key>fileRef</key>
			<string>ACD142FB1E9EC846004159F3</string>
			<key>isa</key>
			<string>PBXBuildFile</string>
		</dict>
		<key>ACD142FD1E9ECE16004159F3</key>
		<dict>
			<key>children</key>
			<array>
				<string>ACD142FE1E9ECE2F004159F3</string>
				<string>ACD143001E9ECE3D004159F3</string>
			</array>
			<key>isa</key>
			<string>PBXGroup</string>
			<key>name</key>
			<string>CurreciesTableCell</string>
			<key>sourceTree</key>
			<string>&lt;group&gt;</string>
		</dict>
		<key>ACD142FE1E9ECE2F004159F3</key>
		<dict>
			<key>fileEncoding</key>
			<string>4</string>
			<key>isa</key>
			<string>PBXFileReference</string>
			<key>lastKnownFileType</key>
			<string>file.xib</string>
			<key>path</key>
			<string>CurrenciesTableCell.xib</string>
			<key>sourceTree</key>
			<string>&lt;group&gt;</string>
		</dict>
		<key>ACD142FF1E9ECE2F004159F3</key>
		<dict>
			<key>fileRef</key>
			<string>ACD142FE1E9ECE2F004159F3</string>
			<key>isa</key>
			<string>PBXBuildFile</string>
		</dict>
		<key>ACD143001E9ECE3D004159F3</key>
		<dict>
			<key>fileEncoding</key>
			<string>4</string>
			<key>isa</key>
			<string>PBXFileReference</string>
			<key>lastKnownFileType</key>
			<string>sourcecode.swift</string>
			<key>path</key>
			<string>CurrenciesTableCell.swift</string>
			<key>sourceTree</key>
			<string>&lt;group&gt;</string>
		</dict>
		<key>ACD143011E9ECE3D004159F3</key>
		<dict>
			<key>fileRef</key>
			<string>ACD143001E9ECE3D004159F3</string>
			<key>isa</key>
			<string>PBXBuildFile</string>
		</dict>
		<key>ACD143041E9ED126004159F3</key>
		<dict>
			<key>fileEncoding</key>
			<string>4</string>
			<key>isa</key>
			<string>PBXFileReference</string>
			<key>lastKnownFileType</key>
			<string>sourcecode.swift</string>
			<key>path</key>
			<string>CurrenciesViewController.swift</string>
			<key>sourceTree</key>
			<string>&lt;group&gt;</string>
		</dict>
		<key>ACD143051E9ED126004159F3</key>
		<dict>
			<key>fileRef</key>
			<string>ACD143041E9ED126004159F3</string>
			<key>isa</key>
			<string>PBXBuildFile</string>
		</dict>
		<key>ACEC08A01E9E8C590007148A</key>
		<dict>
			<key>children</key>
			<array>
				<string>ACEC08AB1E9E8C590007148A</string>
				<string>ACEC08AA1E9E8C590007148A</string>
			</array>
			<key>isa</key>
			<string>PBXGroup</string>
			<key>sourceTree</key>
			<string>&lt;group&gt;</string>
		</dict>
		<key>ACEC08A11E9E8C590007148A</key>
		<dict>
			<key>attributes</key>
			<dict>
				<key>LastSwiftUpdateCheck</key>
				<string>0830</string>
				<key>LastUpgradeCheck</key>
				<string>0830</string>
				<key>ORGANIZATIONNAME</key>
				<string>Artem Velykyy</string>
				<key>TargetAttributes</key>
				<dict>
					<key>ACEC08A81E9E8C590007148A</key>
					<dict>
						<key>CreatedOnToolsVersion</key>
						<string>8.3.1</string>
						<key>DevelopmentTeam</key>
						<string>Z2ZM3YB5L4</string>
						<key>LastSwiftMigration</key>
						<string>0830</string>
						<key>ProvisioningStyle</key>
						<string>Automatic</string>
					</dict>
				</dict>
			</dict>
			<key>buildConfigurationList</key>
			<string>ACEC08A41E9E8C590007148A</string>
			<key>compatibilityVersion</key>
			<string>Xcode 3.2</string>
			<key>developmentRegion</key>
			<string>English</string>
			<key>hasScannedForEncodings</key>
			<string>0</string>
			<key>isa</key>
			<string>PBXProject</string>
			<key>knownRegions</key>
			<array>
				<string>en</string>
				<string>Base</string>
			</array>
			<key>mainGroup</key>
			<string>ACEC08A01E9E8C590007148A</string>
			<key>productRefGroup</key>
			<string>ACEC08AA1E9E8C590007148A</string>
			<key>projectDirPath</key>
			<string></string>
			<key>projectReferences</key>
			<array/>
			<key>projectRoot</key>
			<string></string>
			<key>targets</key>
			<array>
				<string>ACEC08A81E9E8C590007148A</string>
			</array>
		</dict>
		<key>ACEC08A41E9E8C590007148A</key>
		<dict>
			<key>buildConfigurations</key>
			<array>
				<string>ACEC08BC1E9E8C590007148A</string>
				<string>ACEC08BD1E9E8C590007148A</string>
			</array>
			<key>defaultConfigurationIsVisible</key>
			<string>0</string>
			<key>defaultConfigurationName</key>
			<string>Release</string>
			<key>isa</key>
			<string>XCConfigurationList</string>
		</dict>
		<key>ACEC08A51E9E8C590007148A</key>
		<dict>
			<key>buildActionMask</key>
			<string>2147483647</string>
			<key>files</key>
			<array>
				<string>ACD143011E9ECE3D004159F3</string>
				<string>ACEC08AF1E9E8C590007148A</string>
				<string>ACC5F3211EA01D0E00D352BC</string>
				<string>ACC5F31A1E9FFF9700D352BC</string>
				<string>ACC5F31C1EA002A100D352BC</string>
				<string>ACC5F3181E9FF06200D352BC</string>
				<string>ACD142FC1E9EC846004159F3</string>
				<string>ACD143051E9ED126004159F3</string>
				<string>ACC5F31E1EA0034C00D352BC</string>
				<string>ACEC08AD1E9E8C590007148A</string>
				<string>ACEC08C71E9E91190007148A</string>
				<string>ACEC08B51E9E8C590007148A</string>
				<string>ACD142F81E9EB47A004159F3</string>
			</array>
			<key>isa</key>
			<string>PBXSourcesBuildPhase</string>
			<key>runOnlyForDeploymentPostprocessing</key>
			<string>0</string>
		</dict>
		<key>ACEC08A61E9E8C590007148A</key>
		<dict>
			<key>buildActionMask</key>
			<string>2147483647</string>
			<key>files</key>
			<array/>
			<key>isa</key>
			<string>PBXFrameworksBuildPhase</string>
			<key>runOnlyForDeploymentPostprocessing</key>
			<string>0</string>
		</dict>
		<key>ACEC08A71E9E8C590007148A</key>
		<dict>
			<key>buildActionMask</key>
			<string>2147483647</string>
			<key>files</key>
			<array>
				<string>ACEC08BA1E9E8C590007148A</string>
				<string>ACD142FF1E9ECE2F004159F3</string>
				<string>ACEC08B71E9E8C590007148A</string>
				<string>ACEC08C51E9E91050007148A</string>
				<string>ACEC08B21E9E8C590007148A</string>
			</array>
			<key>isa</key>
			<string>PBXResourcesBuildPhase</string>
			<key>runOnlyForDeploymentPostprocessing</key>
			<string>0</string>
		</dict>
		<key>ACEC08A81E9E8C590007148A</key>
		<dict>
			<key>buildConfigurationList</key>
			<string>ACEC08BE1E9E8C590007148A</string>
			<key>buildPhases</key>
			<array>
				<string>ACEC08A51E9E8C590007148A</string>
				<string>ACEC08A61E9E8C590007148A</string>
				<string>ACEC08A71E9E8C590007148A</string>
			</array>
			<key>buildRules</key>
			<array/>
			<key>dependencies</key>
			<array/>
			<key>isa</key>
			<string>PBXNativeTarget</string>
			<key>name</key>
			<string>nodeadsTestApp</string>
			<key>productName</key>
			<string>nodeadsTestApp</string>
			<key>productReference</key>
			<string>ACEC08A91E9E8C590007148A</string>
			<key>productType</key>
			<string>com.apple.product-type.application</string>
		</dict>
		<key>ACEC08A91E9E8C590007148A</key>
		<dict>
			<key>explicitFileType</key>
			<string>wrapper.application</string>
			<key>includeInIndex</key>
			<string>0</string>
			<key>isa</key>
			<string>PBXFileReference</string>
			<key>path</key>
			<string>nodeadsTestApp.app</string>
			<key>sourceTree</key>
			<string>BUILT_PRODUCTS_DIR</string>
		</dict>
		<key>ACEC08AA1E9E8C590007148A</key>
		<dict>
			<key>children</key>
			<array>
				<string>ACEC08A91E9E8C590007148A</string>
			</array>
			<key>isa</key>
			<string>PBXGroup</string>
			<key>name</key>
			<string>Products</string>
			<key>sourceTree</key>
			<string>&lt;group&gt;</string>
		</dict>
		<key>ACEC08AB1E9E8C590007148A</key>
		<dict>
			<key>children</key>
			<array>
				<string>ACEC08AC1E9E8C590007148A</string>
				<string>ACD142FA1E9EC835004159F3</string>
				<string>ACEC08C11E9E90820007148A</string>
				<string>ACEC08C21E9E90900007148A</string>
				<string>ACEC08B01E9E8C590007148A</string>
				<string>ACEC08B61E9E8C590007148A</string>
				<string>ACEC08B81E9E8C590007148A</string>
				<string>ACEC08BB1E9E8C590007148A</string>
				<string>ACEC08B31E9E8C590007148A</string>
				<string>ACC5F31F1EA004A500D352BC</string>
			</array>
			<key>isa</key>
			<string>PBXGroup</string>
			<key>path</key>
			<string>nodeadsTestApp</string>
			<key>sourceTree</key>
			<string>&lt;group&gt;</string>
		</dict>
		<key>ACEC08AC1E9E8C590007148A</key>
		<dict>
			<key>isa</key>
			<string>PBXFileReference</string>
			<key>lastKnownFileType</key>
			<string>sourcecode.swift</string>
			<key>path</key>
			<string>AppDelegate.swift</string>
			<key>sourceTree</key>
			<string>&lt;group&gt;</string>
		</dict>
		<key>ACEC08AD1E9E8C590007148A</key>
		<dict>
			<key>fileRef</key>
			<string>ACEC08AC1E9E8C590007148A</string>
			<key>isa</key>
			<string>PBXBuildFile</string>
		</dict>
		<key>ACEC08AE1E9E8C590007148A</key>
		<dict>
			<key>isa</key>
			<string>PBXFileReference</string>
			<key>lastKnownFileType</key>
			<string>sourcecode.swift</string>
			<key>path</key>
			<string>ViewController.swift</string>
			<key>sourceTree</key>
			<string>&lt;group&gt;</string>
		</dict>
		<key>ACEC08AF1E9E8C590007148A</key>
		<dict>
			<key>fileRef</key>
			<string>ACEC08AE1E9E8C590007148A</string>
			<key>isa</key>
			<string>PBXBuildFile</string>
		</dict>
		<key>ACEC08B01E9E8C590007148A</key>
		<dict>
			<key>children</key>
			<array>
				<string>ACEC08B11E9E8C590007148A</string>
			</array>
			<key>isa</key>
			<string>PBXVariantGroup</string>
			<key>name</key>
			<string>Main.storyboard</string>
			<key>sourceTree</key>
			<string>&lt;group&gt;</string>
		</dict>
		<key>ACEC08B11E9E8C590007148A</key>
		<dict>
			<key>isa</key>
			<string>PBXFileReference</string>
			<key>lastKnownFileType</key>
			<string>file.storyboard</string>
			<key>name</key>
			<string>Base</string>
			<key>path</key>
			<string>Base.lproj/Main.storyboard</string>
			<key>sourceTree</key>
			<string>&lt;group&gt;</string>
		</dict>
		<key>ACEC08B21E9E8C590007148A</key>
		<dict>
			<key>fileRef</key>
			<string>ACEC08B01E9E8C590007148A</string>
			<key>isa</key>
			<string>PBXBuildFile</string>
		</dict>
		<key>ACEC08B31E9E8C590007148A</key>
		<dict>
			<key>children</key>
			<array>
				<string>ACEC08B41E9E8C590007148A</string>
			</array>
			<key>currentVersion</key>
			<string>ACEC08B41E9E8C590007148A</string>
			<key>isa</key>
			<string>XCVersionGroup</string>
			<key>path</key>
			<string>nodeadsTestApp.xcdatamodeld</string>
			<key>sourceTree</key>
			<string>&lt;group&gt;</string>
			<key>versionGroupType</key>
			<string>wrapper.xcdatamodel</string>
		</dict>
		<key>ACEC08B41E9E8C590007148A</key>
		<dict>
			<key>isa</key>
			<string>PBXFileReference</string>
			<key>lastKnownFileType</key>
			<string>wrapper.xcdatamodel</string>
			<key>path</key>
			<string>nodeadsTestApp.xcdatamodel</string>
			<key>sourceTree</key>
			<string>&lt;group&gt;</string>
		</dict>
		<key>ACEC08B51E9E8C590007148A</key>
		<dict>
			<key>fileRef</key>
			<string>ACEC08B31E9E8C590007148A</string>
			<key>isa</key>
			<string>PBXBuildFile</string>
		</dict>
		<key>ACEC08B61E9E8C590007148A</key>
		<dict>
			<key>isa</key>
			<string>PBXFileReference</string>
			<key>lastKnownFileType</key>
			<string>folder.assetcatalog</string>
			<key>path</key>
			<string>Assets.xcassets</string>
			<key>sourceTree</key>
			<string>&lt;group&gt;</string>
		</dict>
		<key>ACEC08B71E9E8C590007148A</key>
		<dict>
			<key>fileRef</key>
			<string>ACEC08B61E9E8C590007148A</string>
			<key>isa</key>
			<string>PBXBuildFile</string>
		</dict>
		<key>ACEC08B81E9E8C590007148A</key>
		<dict>
			<key>children</key>
			<array>
				<string>ACEC08B91E9E8C590007148A</string>
			</array>
			<key>isa</key>
			<string>PBXVariantGroup</string>
			<key>name</key>
			<string>LaunchScreen.storyboard</string>
			<key>sourceTree</key>
			<string>&lt;group&gt;</string>
		</dict>
		<key>ACEC08B91E9E8C590007148A</key>
		<dict>
			<key>isa</key>
			<string>PBXFileReference</string>
			<key>lastKnownFileType</key>
			<string>file.storyboard</string>
			<key>name</key>
			<string>Base</string>
			<key>path</key>
			<string>Base.lproj/LaunchScreen.storyboard</string>
			<key>sourceTree</key>
			<string>&lt;group&gt;</string>
		</dict>
		<key>ACEC08BA1E9E8C590007148A</key>
		<dict>
			<key>fileRef</key>
			<string>ACEC08B81E9E8C590007148A</string>
			<key>isa</key>
			<string>PBXBuildFile</string>
		</dict>
		<key>ACEC08BB1E9E8C590007148A</key>
		<dict>
			<key>isa</key>
			<string>PBXFileReference</string>
			<key>lastKnownFileType</key>
			<string>text.plist.xml</string>
			<key>path</key>
			<string>Info.plist</string>
			<key>sourceTree</key>
			<string>&lt;group&gt;</string>
		</dict>
		<key>ACEC08BC1E9E8C590007148A</key>
		<dict>
			<key>buildSettings</key>
			<dict>
				<key>ALWAYS_SEARCH_USER_PATHS</key>
				<string>NO</string>
				<key>CLANG_ANALYZER_NONNULL</key>
				<string>YES</string>
				<key>CLANG_ANALYZER_NUMBER_OBJECT_CONVERSION</key>
				<string>YES_AGGRESSIVE</string>
				<key>CLANG_CXX_LANGUAGE_STANDARD</key>
				<string>gnu++0x</string>
				<key>CLANG_CXX_LIBRARY</key>
				<string>libc++</string>
				<key>CLANG_ENABLE_MODULES</key>
				<string>YES</string>
				<key>CLANG_ENABLE_OBJC_ARC</key>
				<string>YES</string>
				<key>CLANG_WARN_BOOL_CONVERSION</key>
				<string>YES</string>
				<key>CLANG_WARN_CONSTANT_CONVERSION</key>
				<string>YES</string>
				<key>CLANG_WARN_DIRECT_OBJC_ISA_USAGE</key>
				<string>YES_ERROR</string>
				<key>CLANG_WARN_DOCUMENTATION_COMMENTS</key>
				<string>YES</string>
				<key>CLANG_WARN_EMPTY_BODY</key>
				<string>YES</string>
				<key>CLANG_WARN_ENUM_CONVERSION</key>
				<string>YES</string>
				<key>CLANG_WARN_INFINITE_RECURSION</key>
				<string>YES</string>
				<key>CLANG_WARN_INT_CONVERSION</key>
				<string>YES</string>
				<key>CLANG_WARN_OBJC_ROOT_CLASS</key>
				<string>YES_ERROR</string>
				<key>CLANG_WARN_SUSPICIOUS_MOVE</key>
				<string>YES</string>
				<key>CLANG_WARN_UNREACHABLE_CODE</key>
				<string>YES</string>
				<key>CLANG_WARN__DUPLICATE_METHOD_MATCH</key>
				<string>YES</string>
				<key>CODE_SIGN_IDENTITY[sdk=iphoneos*]</key>
				<string>iPhone Developer</string>
				<key>COPY_PHASE_STRIP</key>
				<string>NO</string>
				<key>DEBUG_INFORMATION_FORMAT</key>
				<string>dwarf</string>
				<key>ENABLE_STRICT_OBJC_MSGSEND</key>
				<string>YES</string>
				<key>ENABLE_TESTABILITY</key>
				<string>YES</string>
				<key>GCC_C_LANGUAGE_STANDARD</key>
				<string>gnu99</string>
				<key>GCC_DYNAMIC_NO_PIC</key>
				<string>NO</string>
				<key>GCC_NO_COMMON_BLOCKS</key>
				<string>YES</string>
				<key>GCC_OPTIMIZATION_LEVEL</key>
				<string>0</string>
				<key>GCC_PREPROCESSOR_DEFINITIONS</key>
				<array>
					<string>DEBUG=1</string>
					<string>$(inherited)</string>
				</array>
				<key>GCC_WARN_64_TO_32_BIT_CONVERSION</key>
				<string>YES</string>
				<key>GCC_WARN_ABOUT_RETURN_TYPE</key>
				<string>YES_ERROR</string>
				<key>GCC_WARN_UNDECLARED_SELECTOR</key>
				<string>YES</string>
				<key>GCC_WARN_UNINITIALIZED_AUTOS</key>
				<string>YES_AGGRESSIVE</string>
				<key>GCC_WARN_UNUSED_FUNCTION</key>
				<string>YES</string>
				<key>GCC_WARN_UNUSED_VARIABLE</key>
				<string>YES</string>
				<key>IPHONEOS_DEPLOYMENT_TARGET</key>
				<string>10.3</string>
				<key>MTL_ENABLE_DEBUG_INFO</key>
				<string>YES</string>
				<key>ONLY_ACTIVE_ARCH</key>
				<string>YES</string>
				<key>SDKROOT</key>
				<string>iphoneos</string>
				<key>SWIFT_ACTIVE_COMPILATION_CONDITIONS</key>
				<string>DEBUG</string>
				<key>SWIFT_OPTIMIZATION_LEVEL</key>
				<string>-Onone</string>
				<key>TARGETED_DEVICE_FAMILY</key>
				<string>1,2</string>
			</dict>
			<key>isa</key>
			<string>XCBuildConfiguration</string>
			<key>name</key>
			<string>Debug</string>
		</dict>
		<key>ACEC08BD1E9E8C590007148A</key>
		<dict>
			<key>buildSettings</key>
			<dict>
				<key>ALWAYS_SEARCH_USER_PATHS</key>
				<string>NO</string>
				<key>CLANG_ANALYZER_NONNULL</key>
				<string>YES</string>
				<key>CLANG_ANALYZER_NUMBER_OBJECT_CONVERSION</key>
				<string>YES_AGGRESSIVE</string>
				<key>CLANG_CXX_LANGUAGE_STANDARD</key>
				<string>gnu++0x</string>
				<key>CLANG_CXX_LIBRARY</key>
				<string>libc++</string>
				<key>CLANG_ENABLE_MODULES</key>
				<string>YES</string>
				<key>CLANG_ENABLE_OBJC_ARC</key>
				<string>YES</string>
				<key>CLANG_WARN_BOOL_CONVERSION</key>
				<string>YES</string>
				<key>CLANG_WARN_CONSTANT_CONVERSION</key>
				<string>YES</string>
				<key>CLANG_WARN_DIRECT_OBJC_ISA_USAGE</key>
				<string>YES_ERROR</string>
				<key>CLANG_WARN_DOCUMENTATION_COMMENTS</key>
				<string>YES</string>
				<key>CLANG_WARN_EMPTY_BODY</key>
				<string>YES</string>
				<key>CLANG_WARN_ENUM_CONVERSION</key>
				<string>YES</string>
				<key>CLANG_WARN_INFINITE_RECURSION</key>
				<string>YES</string>
				<key>CLANG_WARN_INT_CONVERSION</key>
				<string>YES</string>
				<key>CLANG_WARN_OBJC_ROOT_CLASS</key>
				<string>YES_ERROR</string>
				<key>CLANG_WARN_SUSPICIOUS_MOVE</key>
				<string>YES</string>
				<key>CLANG_WARN_UNREACHABLE_CODE</key>
				<string>YES</string>
				<key>CLANG_WARN__DUPLICATE_METHOD_MATCH</key>
				<string>YES</string>
				<key>CODE_SIGN_IDENTITY[sdk=iphoneos*]</key>
				<string>iPhone Developer</string>
				<key>COPY_PHASE_STRIP</key>
				<string>NO</string>
				<key>DEBUG_INFORMATION_FORMAT</key>
				<string>dwarf-with-dsym</string>
				<key>ENABLE_NS_ASSERTIONS</key>
				<string>NO</string>
				<key>ENABLE_STRICT_OBJC_MSGSEND</key>
				<string>YES</string>
				<key>GCC_C_LANGUAGE_STANDARD</key>
				<string>gnu99</string>
				<key>GCC_NO_COMMON_BLOCKS</key>
				<string>YES</string>
				<key>GCC_WARN_64_TO_32_BIT_CONVERSION</key>
				<string>YES</string>
				<key>GCC_WARN_ABOUT_RETURN_TYPE</key>
				<string>YES_ERROR</string>
				<key>GCC_WARN_UNDECLARED_SELECTOR</key>
				<string>YES</string>
				<key>GCC_WARN_UNINITIALIZED_AUTOS</key>
				<string>YES_AGGRESSIVE</string>
				<key>GCC_WARN_UNUSED_FUNCTION</key>
				<string>YES</string>
				<key>GCC_WARN_UNUSED_VARIABLE</key>
				<string>YES</string>
				<key>IPHONEOS_DEPLOYMENT_TARGET</key>
				<string>10.3</string>
				<key>MTL_ENABLE_DEBUG_INFO</key>
				<string>NO</string>
				<key>SDKROOT</key>
				<string>iphoneos</string>
				<key>SWIFT_OPTIMIZATION_LEVEL</key>
				<string>-Owholemodule</string>
				<key>TARGETED_DEVICE_FAMILY</key>
				<string>1,2</string>
				<key>VALIDATE_PRODUCT</key>
				<string>YES</string>
			</dict>
			<key>isa</key>
			<string>XCBuildConfiguration</string>
			<key>name</key>
			<string>Release</string>
		</dict>
		<key>ACEC08BE1E9E8C590007148A</key>
		<dict>
			<key>buildConfigurations</key>
			<array>
				<string>ACEC08BF1E9E8C590007148A</string>
				<string>ACEC08C01E9E8C590007148A</string>
			</array>
			<key>defaultConfigurationIsVisible</key>
			<string>0</string>
			<key>defaultConfigurationName</key>
			<string>Release</string>
			<key>isa</key>
			<string>XCConfigurationList</string>
		</dict>
		<key>ACEC08BF1E9E8C590007148A</key>
		<dict>
			<key>buildSettings</key>
			<dict>
				<key>ALWAYS_EMBED_SWIFT_STANDARD_LIBRARIES</key>
				<string>YES</string>
				<key>ASSETCATALOG_COMPILER_APPICON_NAME</key>
				<string>AppIcon</string>
				<key>DEVELOPMENT_TEAM</key>
				<string>Z2ZM3YB5L4</string>
				<key>INFOPLIST_FILE</key>
				<string>nodeadsTestApp/Info.plist</string>
				<key>LD_RUNPATH_SEARCH_PATHS</key>
				<string>$(inherited) @executable_path/Frameworks</string>
				<key>PRODUCT_BUNDLE_IDENTIFIER</key>
				<string>ArtCo.nodeadsTestApp</string>
				<key>PRODUCT_NAME</key>
				<string>$(TARGET_NAME)</string>
				<key>SWIFT_VERSION</key>
				<string>3.0</string>
			</dict>
			<key>isa</key>
			<string>XCBuildConfiguration</string>
			<key>name</key>
			<string>Debug</string>
		</dict>
		<key>ACEC08C01E9E8C590007148A</key>
		<dict>
			<key>buildSettings</key>
			<dict>
				<key>ALWAYS_EMBED_SWIFT_STANDARD_LIBRARIES</key>
				<string>YES</string>
				<key>ASSETCATALOG_COMPILER_APPICON_NAME</key>
				<string>AppIcon</string>
				<key>DEVELOPMENT_TEAM</key>
				<string>Z2ZM3YB5L4</string>
				<key>INFOPLIST_FILE</key>
				<string>nodeadsTestApp/Info.plist</string>
				<key>LD_RUNPATH_SEARCH_PATHS</key>
				<string>$(inherited) @executable_path/Frameworks</string>
				<key>PRODUCT_BUNDLE_IDENTIFIER</key>
				<string>ArtCo.nodeadsTestApp</string>
				<key>PRODUCT_NAME</key>
				<string>$(TARGET_NAME)</string>
				<key>SWIFT_VERSION</key>
				<string>3.0</string>
			</dict>
			<key>isa</key>
			<string>XCBuildConfiguration</string>
			<key>name</key>
			<string>Release</string>
		</dict>
		<key>ACEC08C11E9E90820007148A</key>
		<dict>
			<key>children</key>
			<array>
				<string>ACEC08AE1E9E8C590007148A</string>
				<string>ACD143041E9ED126004159F3</string>
			</array>
			<key>isa</key>
			<string>PBXGroup</string>
			<key>name</key>
			<string>ViewControllers</string>
			<key>sourceTree</key>
			<string>&lt;group&gt;</string>
		</dict>
		<key>ACEC08C21E9E90900007148A</key>
		<dict>
			<key>children</key>
			<array>
				<string>ACD142FD1E9ECE16004159F3</string>
				<string>ACD142F91E9EC21F004159F3</string>
				<string>ACEC08C31E9E909B0007148A</string>
			</array>
			<key>isa</key>
			<string>PBXGroup</string>
			<key>name</key>
			<string>CustomViews</string>
			<key>sourceTree</key>
			<string>&lt;group&gt;</string>
		</dict>
		<key>ACEC08C31E9E909B0007148A</key>
		<dict>
			<key>children</key>
			<array>
				<string>ACEC08C41E9E91050007148A</string>
				<string>ACEC08C61E9E91190007148A</string>
			</array>
			<key>isa</key>
			<string>PBXGroup</string>
			<key>name</key>
			<string>DatePickerView</string>
			<key>sourceTree</key>
			<string>&lt;group&gt;</string>
		</dict>
		<key>ACEC08C41E9E91050007148A</key>
		<dict>
			<key>fileEncoding</key>
			<string>4</string>
			<key>isa</key>
			<string>PBXFileReference</string>
			<key>lastKnownFileType</key>
			<string>file.xib</string>
			<key>path</key>
			<string>DatePickerView.xib</string>
			<key>sourceTree</key>
			<string>&lt;group&gt;</string>
		</dict>
		<key>ACEC08C51E9E91050007148A</key>
		<dict>
			<key>fileRef</key>
			<string>ACEC08C41E9E91050007148A</string>
			<key>isa</key>
			<string>PBXBuildFile</string>
		</dict>
		<key>ACEC08C61E9E91190007148A</key>
		<dict>
			<key>fileEncoding</key>
			<string>4</string>
			<key>isa</key>
			<string>PBXFileReference</string>
			<key>lastKnownFileType</key>
			<string>sourcecode.swift</string>
			<key>path</key>
			<string>DatePickerView.swift</string>
			<key>sourceTree</key>
			<string>&lt;group&gt;</string>
		</dict>
		<key>ACEC08C71E9E91190007148A</key>
		<dict>
			<key>fileRef</key>
			<string>ACEC08C61E9E91190007148A</string>
			<key>isa</key>
			<string>PBXBuildFile</string>
		</dict>
	</dict>
	<key>rootObject</key>
	<string>ACEC08A11E9E8C590007148A</string>
</dict>
</plist>
